{
  "nodes": {
    "nixpkgs": {
      "locked": {
        "lastModified": 1790185690,
        "narHash": "sha256-xJ+X4hBtOcAFGBOe5nAMyMUeF9foJBmIOu3NjBqBycU=",
        "owner": "NixOS",
        "repo": "nixpkgs",
        "rev": "4975466d324710c576dc11ad614684e6bd8cad8e",
        "type": "github"
      },
      "original": {
        "owner": "NixOS",
        "ref": "nixos-unstable",
        "repo": "nixpkgs",
        "type": "github"
      }
    },
    "process-compose-flake": {
      "locked": {
        "lastModified": 1782060835,
        "narHash": "sha256-Q8HH2t1l3MITtWCWY4ytcH5F/Q7aAHo3Iq/QTMAKTe0=",
        "owner": "Platonic-Systems",
        "repo": "process-compose-flake",
        "rev": "464ff6880737f063c3f0d3d2c7781fda9190868f",
        "type": "github"
      },
      "original": {
        "owner": "Platonic-Systems",
        "repo": "process-compose-flake",
        "type": "github"
      }
    },
    "root": {
      "inputs": {
        "nixpkgs": "nixpkgs",
        "process-compose-flake": "process-compose-flake",
        "services-flake": "services-flake"
      }
    },
    "services-flake": {
      "locked": {
        "lastModified": 1790255599,
        "narHash": "sha256-RLNtFpcMfTI/w1FEBZm966OZ4uwM5kxbjFbohN+9OmE=",
        "owner": "juspay",
        "repo": "services-flake",
        "rev": "896d77dbc1a206a971e455e954de0afa1949d9bf",
        "type": "github"
      },
      "original": {
        "owner": "juspay",
        "repo": "services-flake",
        "type": "github"
      }
    }
  },
  "root": "root",
  "version": 7
}
